
Microsoft Visual Studio Solution File, Format Version 12.00
# Visual Studio Version 16
VisualStudioVersion = 16.0.28721.148
MinimumVisualStudioVersion = 15.0.26124.0
Project("{2150E333-8FDC-42A3-9474-1A3956D46DE8}") = "src", "src", "{C3101025-FA55-4D8E-B70E-4EDC1DFF6659}"
EndProject
Project("{9A19103F-16F7-4668-BE54-9A1E7A4F7556}") = "Web", "src\Web\Web.csproj", "{C2D7BFA9-5FBA-45B6-AF3C-726857F5FC11}"
EndProject
Project("{2150E333-8FDC-42A3-9474-1A3956D46DE8}") = "services", "services", "{AF09B6E7-FF36-484E-B04E-3D5DE07E4F34}"
EndProject
Project("{9A19103F-16F7-4668-BE54-9A1E7A4F7556}") = "Products.Database", "src\services\products.database\Products.Database.csproj", "{0094D72C-6526-4664-805A-A03F6DE5A658}"
	ProjectSection(ProjectDependencies) = postProject
		{28597E9C-83D7-4AB5-A55B-0A07FB7EE200} = {28597E9C-83D7-4AB5-A55B-0A07FB7EE200}
	EndProjectSection
EndProject
Project("{E53339B2-1760-4266-BCC7-CA923CBCF16C}") = "docker-compose", "docker-compose.dcproj", "{4B4A58F2-CCB8-4C4E-A48B-E2D6C909E640}"
EndProject
Project("{2150E333-8FDC-42A3-9474-1A3956D46DE8}") = "Tests", "Tests", "{5B3525AC-BBE7-4DEE-9875-EDED284CF17C}"
EndProject
Project("{9A19103F-16F7-4668-BE54-9A1E7A4F7556}") = "Products.Queue", "src\Services\Products.Queue\Products.Queue.csproj", "{97546956-2971-44FF-85E5-44D3B500D219}"
	ProjectSection(ProjectDependencies) = postProject
		{28597E9C-83D7-4AB5-A55B-0A07FB7EE200} = {28597E9C-83D7-4AB5-A55B-0A07FB7EE200}
	EndProjectSection
EndProject
Project("{9A19103F-16F7-4668-BE54-9A1E7A4F7556}") = "Products.Queue.Service.Test", "Tests\Product.Queue.Service.Test\Products.Queue.Service.Test.csproj", "{5272333A-EB8E-4200-BE8D-66AAA184F112}"
EndProject
Project("{9A19103F-16F7-4668-BE54-9A1E7A4F7556}") = "Products.Database.Service.Tests", "Tests\Products.Database.Service.Tests\Products.Database.Service.Tests.csproj", "{D45DD9C8-F8DA-49C1-902F-2874462937C9}"
EndProject
Project("{9A19103F-16F7-4668-BE54-9A1E7A4F7556}") = "Web.Tests", "Tests\Web.Tests\Web.Tests.csproj", "{21697063-54C6-435C-82DB-2058867D159B}"
EndProject
Project("{9A19103F-16F7-4668-BE54-9A1E7A4F7556}") = "Domain", "src\Domain\Domain.csproj", "{28597E9C-83D7-4AB5-A55B-0A07FB7EE200}"
EndProject
Global
	GlobalSection(SolutionConfigurationPlatforms) = preSolution
		Debug|Any CPU = Debug|Any CPU
		Debug|x64 = Debug|x64
		Debug|x86 = Debug|x86
		Release|Any CPU = Release|Any CPU
		Release|x64 = Release|x64
		Release|x86 = Release|x86
	EndGlobalSection
	GlobalSection(ProjectConfigurationPlatforms) = postSolution
		{C2D7BFA9-5FBA-45B6-AF3C-726857F5FC11}.Debug|Any CPU.ActiveCfg = Debug|Any CPU
		{C2D7BFA9-5FBA-45B6-AF3C-726857F5FC11}.Debug|Any CPU.Build.0 = Debug|Any CPU
		{C2D7BFA9-5FBA-45B6-AF3C-726857F5FC11}.Debug|x64.ActiveCfg = Debug|Any CPU
		{C2D7BFA9-5FBA-45B6-AF3C-726857F5FC11}.Debug|x64.Build.0 = Debug|Any CPU
		{C2D7BFA9-5FBA-45B6-AF3C-726857F5FC11}.Debug|x86.ActiveCfg = Debug|Any CPU
		{C2D7BFA9-5FBA-45B6-AF3C-726857F5FC11}.Debug|x86.Build.0 = Debug|Any CPU
		{C2D7BFA9-5FBA-45B6-AF3C-726857F5FC11}.Release|Any CPU.ActiveCfg = Release|Any CPU
		{C2D7BFA9-5FBA-45B6-AF3C-726857F5FC11}.Release|Any CPU.Build.0 = Release|Any CPU
		{C2D7BFA9-5FBA-45B6-AF3C-726857F5FC11}.Release|x64.ActiveCfg = Release|Any CPU
		{C2D7BFA9-5FBA-45B6-AF3C-726857F5FC11}.Release|x64.Build.0 = Release|Any CPU
		{C2D7BFA9-5FBA-45B6-AF3C-726857F5FC11}.Release|x86.ActiveCfg = Release|Any CPU
		{C2D7BFA9-5FBA-45B6-AF3C-726857F5FC11}.Release|x86.Build.0 = Release|Any CPU
		{0094D72C-6526-4664-805A-A03F6DE5A658}.Debug|Any CPU.ActiveCfg = Debug|Any CPU
		{0094D72C-6526-4664-805A-A03F6DE5A658}.Debug|Any CPU.Build.0 = Debug|Any CPU
		{0094D72C-6526-4664-805A-A03F6DE5A658}.Debug|x64.ActiveCfg = Debug|Any CPU
		{0094D72C-6526-4664-805A-A03F6DE5A658}.Debug|x64.Build.0 = Debug|Any CPU
		{0094D72C-6526-4664-805A-A03F6DE5A658}.Debug|x86.ActiveCfg = Debug|Any CPU
		{0094D72C-6526-4664-805A-A03F6DE5A658}.Debug|x86.Build.0 = Debug|Any CPU
		{0094D72C-6526-4664-805A-A03F6DE5A658}.Release|Any CPU.ActiveCfg = Release|Any CPU
		{0094D72C-6526-4664-805A-A03F6DE5A658}.Release|Any CPU.Build.0 = Release|Any CPU
		{0094D72C-6526-4664-805A-A03F6DE5A658}.Release|x64.ActiveCfg = Release|Any CPU
		{0094D72C-6526-4664-805A-A03F6DE5A658}.Release|x64.Build.0 = Release|Any CPU
		{0094D72C-6526-4664-805A-A03F6DE5A658}.Release|x86.ActiveCfg = Release|Any CPU
		{0094D72C-6526-4664-805A-A03F6DE5A658}.Release|x86.Build.0 = Release|Any CPU
		{4B4A58F2-CCB8-4C4E-A48B-E2D6C909E640}.Debug|Any CPU.ActiveCfg = Debug|Any CPU
		{4B4A58F2-CCB8-4C4E-A48B-E2D6C909E640}.Debug|Any CPU.Build.0 = Debug|Any CPU
		{4B4A58F2-CCB8-4C4E-A48B-E2D6C909E640}.Debug|x64.ActiveCfg = Debug|Any CPU
		{4B4A58F2-CCB8-4C4E-A48B-E2D6C909E640}.Debug|x64.Build.0 = Debug|Any CPU
		{4B4A58F2-CCB8-4C4E-A48B-E2D6C909E640}.Debug|x86.ActiveCfg = Debug|Any CPU
		{4B4A58F2-CCB8-4C4E-A48B-E2D6C909E640}.Debug|x86.Build.0 = Debug|Any CPU
		{4B4A58F2-CCB8-4C4E-A48B-E2D6C909E640}.Release|Any CPU.ActiveCfg = Release|Any CPU
		{4B4A58F2-CCB8-4C4E-A48B-E2D6C909E640}.Release|Any CPU.Build.0 = Release|Any CPU
		{4B4A58F2-CCB8-4C4E-A48B-E2D6C909E640}.Release|x64.ActiveCfg = Release|Any CPU
		{4B4A58F2-CCB8-4C4E-A48B-E2D6C909E640}.Release|x64.Build.0 = Release|Any CPU
		{4B4A58F2-CCB8-4C4E-A48B-E2D6C909E640}.Release|x86.ActiveCfg = Release|Any CPU
		{4B4A58F2-CCB8-4C4E-A48B-E2D6C909E640}.Release|x86.Build.0 = Release|Any CPU
		{97546956-2971-44FF-85E5-44D3B500D219}.Debug|Any CPU.ActiveCfg = Debug|Any CPU
		{97546956-2971-44FF-85E5-44D3B500D219}.Debug|Any CPU.Build.0 = Debug|Any CPU
		{97546956-2971-44FF-85E5-44D3B500D219}.Debug|x64.ActiveCfg = Debug|Any CPU
		{97546956-2971-44FF-85E5-44D3B500D219}.Debug|x64.Build.0 = Debug|Any CPU
		{97546956-2971-44FF-85E5-44D3B500D219}.Debug|x86.ActiveCfg = Debug|Any CPU
		{97546956-2971-44FF-85E5-44D3B500D219}.Debug|x86.Build.0 = Debug|Any CPU
		{97546956-2971-44FF-85E5-44D3B500D219}.Release|Any CPU.ActiveCfg = Release|Any CPU
		{97546956-2971-44FF-85E5-44D3B500D219}.Release|Any CPU.Build.0 = Release|Any CPU
		{97546956-2971-44FF-85E5-44D3B500D219}.Release|x64.ActiveCfg = Release|Any CPU
		{97546956-2971-44FF-85E5-44D3B500D219}.Release|x64.Build.0 = Release|Any CPU
		{97546956-2971-44FF-85E5-44D3B500D219}.Release|x86.ActiveCfg = Release|Any CPU
		{97546956-2971-44FF-85E5-44D3B500D219}.Release|x86.Build.0 = Release|Any CPU
		{5272333A-EB8E-4200-BE8D-66AAA184F112}.Debug|Any CPU.ActiveCfg = Debug|Any CPU
		{5272333A-EB8E-4200-BE8D-66AAA184F112}.Debug|Any CPU.Build.0 = Debug|Any CPU
		{5272333A-EB8E-4200-BE8D-66AAA184F112}.Debug|x64.ActiveCfg = Debug|Any CPU
		{5272333A-EB8E-4200-BE8D-66AAA184F112}.Debug|x64.Build.0 = Debug|Any CPU
		{5272333A-EB8E-4200-BE8D-66AAA184F112}.Debug|x86.ActiveCfg = Debug|Any CPU
		{5272333A-EB8E-4200-BE8D-66AAA184F112}.Debug|x86.Build.0 = Debug|Any CPU
		{5272333A-EB8E-4200-BE8D-66AAA184F112}.Release|Any CPU.ActiveCfg = Release|Any CPU
		{5272333A-EB8E-4200-BE8D-66AAA184F112}.Release|Any CPU.Build.0 = Release|Any CPU
		{5272333A-EB8E-4200-BE8D-66AAA184F112}.Release|x64.ActiveCfg = Release|Any CPU
		{5272333A-EB8E-4200-BE8D-66AAA184F112}.Release|x64.Build.0 = Release|Any CPU
		{5272333A-EB8E-4200-BE8D-66AAA184F112}.Release|x86.ActiveCfg = Release|Any CPU
		{5272333A-EB8E-4200-BE8D-66AAA184F112}.Release|x86.Build.0 = Release|Any CPU
		{D45DD9C8-F8DA-49C1-902F-2874462937C9}.Debug|Any CPU.ActiveCfg = Debug|Any CPU
		{D45DD9C8-F8DA-49C1-902F-2874462937C9}.Debug|Any CPU.Build.0 = Debug|Any CPU
		{D45DD9C8-F8DA-49C1-902F-2874462937C9}.Debug|x64.ActiveCfg = Debug|Any CPU
		{D45DD9C8-F8DA-49C1-902F-2874462937C9}.Debug|x64.Build.0 = Debug|Any CPU
		{D45DD9C8-F8DA-49C1-902F-2874462937C9}.Debug|x86.ActiveCfg = Debug|Any CPU
		{D45DD9C8-F8DA-49C1-902F-2874462937C9}.Debug|x86.Build.0 = Debug|Any CPU
		{D45DD9C8-F8DA-49C1-902F-2874462937C9}.Release|Any CPU.ActiveCfg = Release|Any CPU
		{D45DD9C8-F8DA-49C1-902F-2874462937C9}.Release|Any CPU.Build.0 = Release|Any CPU
		{D45DD9C8-F8DA-49C1-902F-2874462937C9}.Release|x64.ActiveCfg = Release|Any CPU
		{D45DD9C8-F8DA-49C1-902F-2874462937C9}.Release|x64.Build.0 = Release|Any CPU
		{D45DD9C8-F8DA-49C1-902F-2874462937C9}.Release|x86.ActiveCfg = Release|Any CPU
		{D45DD9C8-F8DA-49C1-902F-2874462937C9}.Release|x86.Build.0 = Release|Any CPU
		{21697063-54C6-435C-82DB-2058867D159B}.Debug|Any CPU.ActiveCfg = Debug|Any CPU
		{21697063-54C6-435C-82DB-2058867D159B}.Debug|Any CPU.Build.0 = Debug|Any CPU
		{21697063-54C6-435C-82DB-2058867D159B}.Debug|x64.ActiveCfg = Debug|Any CPU
		{21697063-54C6-435C-82DB-2058867D159B}.Debug|x64.Build.0 = Debug|Any CPU
		{21697063-54C6-435C-82DB-2058867D159B}.Debug|x86.ActiveCfg = Debug|Any CPU
		{21697063-54C6-435C-82DB-2058867D159B}.Debug|x86.Build.0 = Debug|Any CPU
		{21697063-54C6-435C-82DB-2058867D159B}.Release|Any CPU.ActiveCfg = Release|Any CPU
		{21697063-54C6-435C-82DB-2058867D159B}.Release|Any CPU.Build.0 = Release|Any CPU
		{21697063-54C6-435C-82DB-2058867D159B}.Release|x64.ActiveCfg = Release|Any CPU
		{21697063-54C6-435C-82DB-2058867D159B}.Release|x64.Build.0 = Release|Any CPU
		{21697063-54C6-435C-82DB-2058867D159B}.Release|x86.ActiveCfg = Release|Any CPU
		{21697063-54C6-435C-82DB-2058867D159B}.Release|x86.Build.0 = Release|Any CPU
		{28597E9C-83D7-4AB5-A55B-0A07FB7EE200}.Debug|Any CPU.ActiveCfg = Debug|Any CPU
		{28597E9C-83D7-4AB5-A55B-0A07FB7EE200}.Debug|Any CPU.Build.0 = Debug|Any CPU
		{28597E9C-83D7-4AB5-A55B-0A07FB7EE200}.Debug|x64.ActiveCfg = Debug|Any CPU
		{28597E9C-83D7-4AB5-A55B-0A07FB7EE200}.Debug|x64.Build.0 = Debug|Any CPU
		{28597E9C-83D7-4AB5-A55B-0A07FB7EE200}.Debug|x86.ActiveCfg = Debug|Any CPU
		{28597E9C-83D7-4AB5-A55B-0A07FB7EE200}.Debug|x86.Build.0 = Debug|Any CPU
		{28597E9C-83D7-4AB5-A55B-0A07FB7EE200}.Release|Any CPU.ActiveCfg = Release|Any CPU
		{28597E9C-83D7-4AB5-A55B-0A07FB7EE200}.Release|Any CPU.Build.0 = Release|Any CPU
		{28597E9C-83D7-4AB5-A55B-0A07FB7EE200}.Release|x64.ActiveCfg = Release|Any CPU
		{28597E9C-83D7-4AB5-A55B-0A07FB7EE200}.Release|x64.Build.0 = Release|Any CPU
		{28597E9C-83D7-4AB5-A55B-0A07FB7EE200}.Release|x86.ActiveCfg = Release|Any CPU
		{28597E9C-83D7-4AB5-A55B-0A07FB7EE200}.Release|x86.Build.0 = Release|Any CPU
	EndGlobalSection
	GlobalSection(SolutionProperties) = preSolution
		HideSolutionNode = FALSE
	EndGlobalSection
	GlobalSection(NestedProjects) = preSolution
		{C2D7BFA9-5FBA-45B6-AF3C-726857F5FC11} = {C3101025-FA55-4D8E-B70E-4EDC1DFF6659}
		{AF09B6E7-FF36-484E-B04E-3D5DE07E4F34} = {C3101025-FA55-4D8E-B70E-4EDC1DFF6659}
		{0094D72C-6526-4664-805A-A03F6DE5A658} = {AF09B6E7-FF36-484E-B04E-3D5DE07E4F34}
		{97546956-2971-44FF-85E5-44D3B500D219} = {AF09B6E7-FF36-484E-B04E-3D5DE07E4F34}
		{5272333A-EB8E-4200-BE8D-66AAA184F112} = {5B3525AC-BBE7-4DEE-9875-EDED284CF17C}
		{D45DD9C8-F8DA-49C1-902F-2874462937C9} = {5B3525AC-BBE7-4DEE-9875-EDED284CF17C}
		{21697063-54C6-435C-82DB-2058867D159B} = {5B3525AC-BBE7-4DEE-9875-EDED284CF17C}
		{28597E9C-83D7-4AB5-A55B-0A07FB7EE200} = {C3101025-FA55-4D8E-B70E-4EDC1DFF6659}
	EndGlobalSection
	GlobalSection(ExtensibilityGlobals) = postSolution
		SolutionGuid = {107F473E-62CB-4B62-A60E-F21ECFEB2343}
	EndGlobalSection
EndGlobal
